// !$*UTF8*$!
{
	archiveVersion = 1;
	classes = {
	};
	objectVersion = 77;
	objects = {

/* Begin PBXContainerItemProxy section */
		48F264CE2F02F8390072D358 /* PBXContainerItemProxy */ = {
			isa = PBXContainerItemProxy;
			containerPortal = 48F264B82F02F8380072D358 /* Project object */;
			proxyType = 1;
			remoteGlobalIDString = 48F264BF2F02F8380072D358;
			remoteInfo = ArabicOntology;
		};
		48F264D82F02F8390072D358 /* PBXContainerItemProxy */ = {
			isa = PBXContainerItemProxy;
			containerPortal = 48F264B82F02F8380072D358 /* Project object */;
			proxyType = 1;
			remoteGlobalIDString = 48F264BF2F02F8380072D358;
			remoteInfo = ArabicOntology;
		};
/* End PBXContainerItemProxy section */

/* Begin PBXFileReference section */
		48F264C02F02F8380072D358 /* ArabicOntology.app */ = {isa = PBXFileReference; explicitFileType = wrapper.application; includeInIndex = 0; path = ArabicOntology.app; sourceTree = BUILT_PRODUCTS_DIR; };
		48F264CD2F02F8390072D358 /* ArabicOntologyTests.xctest */ = {isa = PBXFileReference; explicitFileType = wrapper.cfbundle; includeInIndex = 0; path = ArabicOntologyTests.xctest; sourceTree = BUILT_PRODUCTS_DIR; };
		48F264D72F02F8390072D358 /* ArabicOntologyUITests.xctest */ = {isa = PBXFileReference; explicitFileType = wrapper.cfbundle; includeInIndex = 0; path = ArabicOntologyUITests.xctest; sourceTree = BUILT_PRODUCTS_DIR; };
/* End PBXFileReference section */

/* Begin PBXFileSystemSynchronizedBuildFileExceptionSet section */
		48F265052F02F9530072D358 /* Exceptions for "ArabicOntologyUITests" folder in "ArabicOntology" target */ = {
			isa = PBXFileSystemSynchronizedBuildFileExceptionSet;
			membershipExceptions = (
				App/ArabicOntologyApp.swift,
				App/ContentView.swift,
				App/QueryService.swift,
				Importer/CSVParser.swift,
				Importer/ImportService.swift,
				Models/ArabicNormalizer.swift,
				Models/Concept.swift,
				Models/Dialect.swift,
				Models/Form.swift,
				Models/GlossIndexEntry.swift,
				Models/EnglishGlossNormalizer.swift,
				Models/Lemma.swift,
				Models/Root.swift,
				Models/Sentence.swift,
			);
			target = 48F264BF2F02F8380072D358 /* ArabicOntology */;
		};
		48F265062F02F9530072D358 /* Exceptions for "ArabicOntologyUITests" folder in "ArabicOntologyUITests" target */ = {
			isa = PBXFileSystemSynchronizedBuildFileExceptionSet;
			membershipExceptions = (
				App/ArabicOntologyApp.swift,
				App/ContentView.swift,
				App/QueryService.swift,
				Importer/CSVParser.swift,
				Importer/ImportService.swift,
				Models/ArabicNormalizer.swift,
				Models/Concept.swift,
				Models/Dialect.swift,
				Models/Form.swift,
				Models/GlossIndexEntry.swift,
				Models/EnglishGlossNormalizer.swift,
				Models/Lemma.swift,
				Models/Root.swift,
				Models/Sentence.swift,
			);
			target = 48F264D62F02F8390072D358 /* ArabicOntologyUITests */;
		};
/* End PBXFileSystemSynchronizedBuildFileExceptionSet section */

/* Begin PBXFileSystemSynchronizedRootGroup section */
		48F264C22F02F8380072D358 /* ArabicOntology */ = {
			isa = PBXFileSystemSynchronizedRootGroup;
			path = ArabicOntology;
			sourceTree = "<group>";
		};
		48F264D02F02F8390072D358 /* ArabicOntologyTests */ = {
			isa = PBXFileSystemSynchronizedRootGroup;
			path = ArabicOntologyTests;
			sourceTree = "<group>";
		};
		48F264DA2F02F8390072D358 /* ArabicOntologyUITests */ = {
			isa = PBXFileSystemSynchronizedRootGroup;
			exceptions = (
				48F265052F02F9530072D358 /* Exceptions for "ArabicOntologyUITests" folder in "ArabicOntology" target */,
				48F265062F02F9530072D358 /* Exceptions for "ArabicOntologyUITests" folder in "ArabicOntologyUITests" target */,
			);
			path = ArabicOntologyUITests;
			sourceTree = "<group>";
		};
/* End PBXFileSystemSynchronizedRootGroup section */

/* Begin PBXFrameworksBuildPhase section */
		48F264BD2F02F8380072D358 /* Frameworks */ = {
			isa = PBXFrameworksBuildPhase;
			buildActionMask = 2147483647;
			files = (
			);
			runOnlyForDeploymentPostprocessing = 0;
		};
		48F264CA2F02F8390072D358 /* Frameworks */ = {
			isa = PBXFrameworksBuildPhase;
			buildActionMask = 2147483647;
			files = (
			);
			runOnlyForDeploymentPostprocessing = 0;
		};
		48F264D42F02F8390072D358 /* Frameworks */ = {
			isa = PBXFrameworksBuildPhase;
			buildActionMask = 2147483647;
			files = (
			);
			runOnlyForDeploymentPostprocessing = 0;
		};
/* End PBXFrameworksBuildPhase section */

/* Begin PBXGroup section */
		48F264B72F02F8380072D358 = {
			isa = PBXGroup;
			children = (
				48F264C22F02F8380072D358 /* ArabicOntology */,
				48F264D02F02F8390072D358 /* ArabicOntologyTests */,
				48F264DA2F02F8390072D358 /* ArabicOntologyUITests */,
				48F264C12F02F8380072D358 /* Products */,
			);
			sourceTree = "<group>";
		};
		48F264C12F02F8380072D358 /* Products */ = {
			isa = PBXGroup;
			children = (
				48F264C02F02F8380072D358 /* ArabicOntology.app */,
				48F264CD2F02F8390072D358 /* ArabicOntologyTests.xctest */,
				48F264D72F02F8390072D358 /* ArabicOntologyUITests.xctest */,
			);
			name = Products;
			sourceTree = "<group>";
		};
/* End PBXGroup section */

/* Begin PBXNativeTarget section */
		48F264BF2F02F8380072D358 /* ArabicOntology */ = {
			isa = PBXNativeTarget;
			buildConfigurationList = 48F264E12F02F8390072D358 /* Build configuration list for PBXNativeTarget "ArabicOntology" */;
			buildPhases = (
				48F264BC2F02F8380072D358 /* Sources */,
				48F264BD2F02F8380072D358 /* Frameworks */,
				48F264BE2F02F8380072D358 /* Resources */,
			);
			buildRules = (
			);
			dependencies = (
			);
			fileSystemSynchronizedGroups = (
				48F264C22F02F8380072D358 /* ArabicOntology */,
			);
			name = ArabicOntology;
			packageProductDependencies = (
			);
			productName = ArabicOntology;
			productReference = 48F264C02F02F8380072D358 /* ArabicOntology.app */;
			productType = "com.apple.product-type.application";
		};
		48F264CC2F02F8390072D358 /* ArabicOntologyTests */ = {
			isa = PBXNativeTarget;
			buildConfigurationList = 48F264E42F02F8390072D358 /* Build configuration list for PBXNativeTarget "ArabicOntologyTests" */;
			buildPhases = (
				48F264C92F02F8390072D358 /* Sources */,
				48F264CA2F02F8390072D358 /* Frameworks */,
				48F264CB2F02F8390072D358 /* Resources */,
			);
			buildRules = (
			);
			dependencies = (
				48F264CF2F02F8390072D358 /* PBXTargetDependency */,
			);
			fileSystemSynchronizedGroups = (
				48F264D02F02F8390072D358 /* ArabicOntologyTests */,
			);
			name = ArabicOntologyTests;
			packageProductDependencies = (
			);
			productName = ArabicOntologyTests;
			productReference = 48F264CD2F02F8390072D358 /* ArabicOntologyTests.xctest */;
			productType = "com.apple.product-type.bundle.unit-test";
		};
		48F264D62F02F8390072D358 /* ArabicOntologyUITests */ = {
			isa = PBXNativeTarget;
			buildConfigurationList = 48F264E72F02F8390072D358 /* Build configuration list for PBXNativeTarget "ArabicOntologyUITests" */;
			buildPhases = (
				48F264D32F02F8390072D358 /* Sources */,
				48F264D42F02F8390072D358 /* Frameworks */,
				48F264D52F02F8390072D358 /* Resources */,
			);
			buildRules = (
			);
			dependencies = (
				48F264D92F02F8390072D358 /* PBXTargetDependency */,
			);
			fileSystemSynchronizedGroups = (
				48F264DA2F02F8390072D358 /* ArabicOntologyUITests */,
			);
			name = ArabicOntologyUITests;
			packageProductDependencies = (
			);
			productName = ArabicOntologyUITests;
			productReference = 48F264D72F02F8390072D358 /* ArabicOntologyUITests.xctest */;
			productType = "com.apple.product-type.bundle.ui-testing";
		};
/* End PBXNativeTarget section */

/* Begin PBXProject section */
		48F264B82F02F8380072D358 /* Project object */ = {
			isa = PBXProject;
			attributes = {
				BuildIndependentTargetsInParallel = 1;
				LastSwiftUpdateCheck = 2620;
				LastUpgradeCheck = 2620;
				TargetAttributes = {
					48F264BF2F02F8380072D358 = {
						CreatedOnToolsVersion = 26.2;
					};
					48F264CC2F02F8390072D358 = {
						CreatedOnToolsVersion = 26.2;
						TestTargetID = 48F264BF2F02F8380072D358;
					};
					48F264D62F02F8390072D358 = {
						CreatedOnToolsVersion = 26.2;
						TestTargetID = 48F264BF2F02F8380072D358;
					};
				};
			};
			buildConfigurationList = 48F264BB2F02F8380072D358 /* Build configuration list for PBXProject "ArabicOntology" */;
			developmentRegion = en;
			hasScannedForEncodings = 0;
			knownRegions = (
				en,
				Base,
			);
			mainGroup = 48F264B72F02F8380072D358;
			minimizedProjectReferenceProxies = 1;
			preferredProjectObjectVersion = 77;
			productRefGroup = 48F264C12F02F8380072D358 /* Products */;
			projectDirPath = "";
			projectRoot = "";
			targets = (
				48F264BF2F02F8380072D358 /* ArabicOntology */,
				48F264CC2F02F8390072D358 /* ArabicOntologyTests */,
				48F264D62F02F8390072D358 /* ArabicOntologyUITests */,
			);
		};
/* End PBXProject section */

/* Begin PBXResourcesBuildPhase section */
		48F264BE2F02F8380072D358 /* Resources */ = {
			isa = PBXResourcesBuildPhase;
			buildActionMask = 2147483647;
			files = (
			);
			runOnlyForDeploymentPostprocessing = 0;
		};
		48F264CB2F02F8390072D358 /* Resources */ = {
			isa = PBXResourcesBuildPhase;
			buildActionMask = 2147483647;
			files = (
			);
			runOnlyForDeploymentPostprocessing = 0;
		};
		48F264D52F02F8390072D358 /* Resources */ = {
			isa = PBXResourcesBuildPhase;
			buildActionMask = 2147483647;
			files = (
			);
			runOnlyForDeploymentPostprocessing = 0;
		};
/* End PBXResourcesBuildPhase section */

/* Begin PBXSourcesBuildPhase section */
		48F264BC2F02F8380072D358 /* Sources */ = {
			isa = PBXSourcesBuildPhase;
			buildActionMask = 2147483647;
			files = (
			);
			runOnlyForDeploymentPostprocessing = 0;
		};
		48F264C92F02F8390072D358 /* Sources */ = {
			isa = PBXSourcesBuildPhase;
			buildActionMask = 2147483647;
			files = (
			);
			runOnlyForDeploymentPostprocessing = 0;
		};
		48F264D32F02F8390072D358 /* Sources */ = {
			isa = PBXSourcesBuildPhase;
			buildActionMask = 2147483647;
			files = (
			);
			runOnlyForDeploymentPostprocessing = 0;
		};
/* End PBXSourcesBuildPhase section */

/* Begin PBXTargetDependency section */
		48F264CF2F02F8390072D358 /* PBXTargetDependency */ = {
			isa = PBXTargetDependency;
			target = 48F264BF2F02F8380072D358 /* ArabicOntology */;
			targetProxy = 48F264CE2F02F8390072D358 /* PBXContainerItemProxy */;
		};
		48F264D92F02F8390072D358 /* PBXTargetDependency */ = {
			isa = PBXTargetDependency;
			target = 48F264BF2F02F8380072D358 /* ArabicOntology */;
			targetProxy = 48F264D82F02F8390072D358 /* PBXContainerItemProxy */;
		};
/* End PBXTargetDependency section */

/* Begin XCBuildConfiguration section */
		48F264DF2F02F8390072D358 /* Debug */ = {
			isa = XCBuildConfiguration;
			buildSettings = {
				ALWAYS_SEARCH_USER_PATHS = NO;
				ASSETCATALOG_COMPILER_GENERATE_SWIFT_ASSET_SYMBOL_EXTENSIONS = YES;
				CLANG_ANALYZER_NONNULL = YES;
				CLANG_ANALYZER_NUMBER_OBJECT_CONVERSION = YES_AGGRESSIVE;
				CLANG_CXX_LANGUAGE_STANDARD = "gnu++20";
				CLANG_ENABLE_MODULES = YES;
				CLANG_ENABLE_OBJC_ARC = YES;
				CLANG_ENABLE_OBJC_WEAK = YES;
				CLANG_WARN_BLOCK_CAPTURE_AUTORELEASING = YES;
				CLANG_WARN_BOOL_CONVERSION = YES;
				CLANG_WARN_COMMA = YES;
				CLANG_WARN_CONSTANT_CONVERSION = YES;
				CLANG_WARN_DEPRECATED_OBJC_IMPLEMENTATIONS = YES;
				CLANG_WARN_DIRECT_OBJC_ISA_USAGE = YES_ERROR;
				CLANG_WARN_DOCUMENTATION_COMMENTS = YES;
				CLANG_WARN_EMPTY_BODY = YES;
				CLANG_WARN_ENUM_CONVERSION = YES;
				CLANG_WARN_INFINITE_RECURSION = YES;
				CLANG_WARN_INT_CONVERSION = YES;
				CLANG_WARN_NON_LITERAL_NULL_CONVERSION = YES;
				CLANG_WARN_OBJC_IMPLICIT_RETAIN_SELF = YES;
				CLANG_WARN_OBJC_LITERAL_CONVERSION = YES;
				CLANG_WARN_OBJC_ROOT_CLASS = YES_ERROR;
				CLANG_WARN_QUOTED_INCLUDE_IN_FRAMEWORK_HEADER = YES;
				CLANG_WARN_RANGE_LOOP_ANALYSIS = YES;
				CLANG_WARN_STRICT_PROTOTYPES = YES;
				CLANG_WARN_SUSPICIOUS_MOVE = YES;
				CLANG_WARN_UNGUARDED_AVAILABILITY = YES_AGGRESSIVE;
				CLANG_WARN_UNREACHABLE_CODE = YES;
				CLANG_WARN__DUPLICATE_METHOD_MATCH = YES;
				COPY_PHASE_STRIP = NO;
				DEBUG_INFORMATION_FORMAT = dwarf;
				DEVELOPMENT_TEAM = J5QAN9636K;
				ENABLE_STRICT_OBJC_MSGSEND = YES;
				ENABLE_TESTABILITY = YES;
				ENABLE_USER_SCRIPT_SANDBOXING = YES;
				GCC_C_LANGUAGE_STANDARD = gnu17;
				GCC_DYNAMIC_NO_PIC = NO;
				GCC_NO_COMMON_BLOCKS = YES;
				GCC_OPTIMIZATION_LEVEL = 0;
				GCC_PREPROCESSOR_DEFINITIONS = (
					"DEBUG=1",
					"$(inherited)",
				);
				GCC_WARN_64_TO_32_BIT_CONVERSION = YES;
				GCC_WARN_ABOUT_RETURN_TYPE = YES_ERROR;
				GCC_WARN_UNDECLARED_SELECTOR = YES;
				GCC_WARN_UNINITIALIZED_AUTOS = YES_AGGRESSIVE;
				GCC_WARN_UNUSED_FUNCTION = YES;
				GCC_WARN_UNUSED_VARIABLE = YES;
				LOCALIZATION_PREFERS_STRING_CATALOGS = YES;
				MACOSX_DEPLOYMENT_TARGET = 26.2;
				MTL_ENABLE_DEBUG_INFO = INCLUDE_SOURCE;
				MTL_FAST_MATH = YES;
				ONLY_ACTIVE_ARCH = YES;
				SDKROOT = macosx;
				SWIFT_ACTIVE_COMPILATION_CONDITIONS = "DEBUG $(inherited)";
				SWIFT_OPTIMIZATION_LEVEL = "-Onone";
			};
			name = Debug;
		};
		48F264E02F02F8390072D358 /* Release */ = {
			isa = XCBuildConfiguration;
			buildSettings = {
				ALWAYS_SEARCH_USER_PATHS = NO;
				ASSETCATALOG_COMPILER_GENERATE_SWIFT_ASSET_SYMBOL_EXTENSIONS = YES;
				CLANG_ANALYZER_NONNULL = YES;
				CLANG_ANALYZER_NUMBER_OBJECT_CONVERSION = YES_AGGRESSIVE;
				CLANG_CXX_LANGUAGE_STANDARD = "gnu++20";
				CLANG_ENABLE_MODULES = YES;
				CLANG_ENABLE_OBJC_ARC = YES;
				CLANG_ENABLE_OBJC_WEAK = YES;
				CLANG_WARN_BLOCK_CAPTURE_AUTORELEASING = YES;
				CLANG_WARN_BOOL_CONVERSION = YES;
				CLANG_WARN_COMMA = YES;
				CLANG_WARN_CONSTANT_CONVERSION = YES;
				CLANG_WARN_DEPRECATED_OBJC_IMPLEMENTATIONS = YES;
				CLANG_WARN_DIRECT_OBJC_ISA_USAGE = YES_ERROR;
				CLANG_WARN_DOCUMENTATION_COMMENTS = YES;
				CLANG_WARN_EMPTY_BODY = YES;
				CLANG_WARN_ENUM_CONVERSION = YES;
				CLANG_WARN_INFINITE_RECURSION = YES;
				CLANG_WARN_INT_CONVERSION = YES;
				CLANG_WARN_NON_LITERAL_NULL_CONVERSION = YES;
				CLANG_WARN_OBJC_IMPLICIT_RETAIN_SELF = YES;
				CLANG_WARN_OBJC_LITERAL_CONVERSION = YES;
				CLANG_WARN_OBJC_ROOT_CLASS = YES_ERROR;
				CLANG_WARN_QUOTED_INCLUDE_IN_FRAMEWORK_HEADER = YES;
				CLANG_WARN_RANGE_LOOP_ANALYSIS = YES;
				CLANG_WARN_STRICT_PROTOTYPES = YES;
				CLANG_WARN_SUSPICIOUS_MOVE = YES;
				CLANG_WARN_UNGUARDED_AVAILABILITY = YES_AGGRESSIVE;
				CLANG_WARN_UNREACHABLE_CODE = YES;
				CLANG_WARN__DUPLICATE_METHOD_MATCH = YES;
				COPY_PHASE_STRIP = NO;
				DEBUG_INFORMATION_FORMAT = "dwarf-with-dsym";
				DEVELOPMENT_TEAM = J5QAN9636K;
				ENABLE_NS_ASSERTIONS = NO;
				ENABLE_STRICT_OBJC_MSGSEND = YES;
				ENABLE_USER_SCRIPT_SANDBOXING = YES;
				GCC_C_LANGUAGE_STANDARD = gnu17;
				GCC_NO_COMMON_BLOCKS = YES;
				GCC_WARN_64_TO_32_BIT_CONVERSION = YES;
				GCC_WARN_ABOUT_RETURN_TYPE = YES_ERROR;
				GCC_WARN_UNDECLARED_SELECTOR = YES;
				GCC_WARN_UNINITIALIZED_AUTOS = YES_AGGRESSIVE;
				GCC_WARN_UNUSED_FUNCTION = YES;
				GCC_WARN_UNUSED_VARIABLE = YES;
				LOCALIZATION_PREFERS_STRING_CATALOGS = YES;
				MACOSX_DEPLOYMENT_TARGET = 26.2;
				MTL_ENABLE_DEBUG_INFO = NO;
				MTL_FAST_MATH = YES;
				SDKROOT = macosx;
				SWIFT_COMPILATION_MODE = wholemodule;
			};
			name = Release;
		};
		48F264E22F02F8390072D358 /* Debug */ = {
			isa = XCBuildConfiguration;
			buildSettings = {
				ASSETCATALOG_COMPILER_APPICON_NAME = AppIcon;
				ASSETCATALOG_COMPILER_GLOBAL_ACCENT_COLOR_NAME = AccentColor;
				CODE_SIGN_STYLE = Automatic;
				COMBINE_HIDPI_IMAGES = YES;
				CURRENT_PROJECT_VERSION = 1;
				DEVELOPMENT_TEAM = J5QAN9636K;
				ENABLE_APP_SANDBOX = YES;
				ENABLE_HARDENED_RUNTIME = YES;
				ENABLE_PREVIEWS = YES;
				ENABLE_USER_SELECTED_FILES = readonly;
				GENERATE_INFOPLIST_FILE = YES;
				INFOPLIST_KEY_NSHumanReadableCopyright = "";
				LD_RUNPATH_SEARCH_PATHS = (
					"$(inherited)",
					"@executable_path/../Frameworks",
				);
				MARKETING_VERSION = 1.0;
				PRODUCT_BUNDLE_IDENTIFIER = com.peterjemley.ArabicOntology;
				PRODUCT_NAME = "$(TARGET_NAME)";
				REGISTER_APP_GROUPS = YES;
				STRING_CATALOG_GENERATE_SYMBOLS = YES;
				SWIFT_APPROACHABLE_CONCURRENCY = YES;
				SWIFT_DEFAULT_ACTOR_ISOLATION = MainActor;
				SWIFT_EMIT_LOC_STRINGS = YES;
				SWIFT_UPCOMING_FEATURE_MEMBER_IMPORT_VISIBILITY = YES;
				SWIFT_VERSION = 5.0;
			};
			name = Debug;
		};
		48F264E32F02F8390072D358 /* Release */ = {
			isa = XCBuildConfiguration;
			buildSettings = {
				ASSETCATALOG_COMPILER_APPICON_NAME = AppIcon;
				ASSETCATALOG_COMPILER_GLOBAL_ACCENT_COLOR_NAME = AccentColor;
				CODE_SIGN_STYLE = Automatic;
				COMBINE_HIDPI_IMAGES = YES;
				CURRENT_PROJECT_VERSION = 1;
				DEVELOPMENT_TEAM = J5QAN9636K;
				ENABLE_APP_SANDBOX = YES;
				ENABLE_HARDENED_RUNTIME = YES;
				ENABLE_PREVIEWS = YES;
				ENABLE_USER_SELECTED_FILES = readonly;
				GENERATE_INFOPLIST_FILE = YES;
				INFOPLIST_KEY_NSHumanReadableCopyright = "";
				LD_RUNPATH_SEARCH_PATHS = (
					"$(inherited)",
					"@executable_path/../Frameworks",
				);
				MARKETING_VERSION = 1.0;
				PRODUCT_BUNDLE_IDENTIFIER = com.peterjemley.ArabicOntology;
				PRODUCT_NAME = "$(TARGET_NAME)";
				REGISTER_APP_GROUPS = YES;
				STRING_CATALOG_GENERATE_SYMBOLS = YES;
				SWIFT_APPROACHABLE_CONCURRENCY = YES;
				SWIFT_DEFAULT_ACTOR_ISOLATION = MainActor;
				SWIFT_EMIT_LOC_STRINGS = YES;
				SWIFT_UPCOMING_FEATURE_MEMBER_IMPORT_VISIBILITY = YES;
				SWIFT_VERSION = 5.0;
			};
			name = Release;
		};
		48F264E52F02F8390072D358 /* Debug */ = {
			isa = XCBuildConfiguration;
			buildSettings = {
				BUNDLE_LOADER = "$(TEST_HOST)";
				CODE_SIGN_STYLE = Automatic;
				CURRENT_PROJECT_VERSION = 1;
				DEVELOPMENT_TEAM = J5QAN9636K;
				GENERATE_INFOPLIST_FILE = YES;
				MACOSX_DEPLOYMENT_TARGET = 26.2;
				MARKETING_VERSION = 1.0;
				PRODUCT_BUNDLE_IDENTIFIER = com.peterjemley.ArabicOntologyTests;
				PRODUCT_NAME = "$(TARGET_NAME)";
				STRING_CATALOG_GENERATE_SYMBOLS = NO;
				SWIFT_APPROACHABLE_CONCURRENCY = YES;
				SWIFT_EMIT_LOC_STRINGS = NO;
				SWIFT_UPCOMING_FEATURE_MEMBER_IMPORT_VISIBILITY = YES;
				SWIFT_VERSION = 5.0;
				TEST_HOST = "$(BUILT_PRODUCTS_DIR)/ArabicOntology.app/$(BUNDLE_EXECUTABLE_FOLDER_PATH)/ArabicOntology";
			};
			name = Debug;
		};
		48F264E62F02F8390072D358 /* Release */ = {
			isa = XCBuildConfiguration;
			buildSettings = {
				BUNDLE_LOADER = "$(TEST_HOST)";
				CODE_SIGN_STYLE = Automatic;
				CURRENT_PROJECT_VERSION = 1;
				DEVELOPMENT_TEAM = J5QAN9636K;
				GENERATE_INFOPLIST_FILE = YES;
				MACOSX_DEPLOYMENT_TARGET = 26.2;
				MARKETING_VERSION = 1.0;
				PRODUCT_BUNDLE_IDENTIFIER = com.peterjemley.ArabicOntologyTests;
				PRODUCT_NAME = "$(TARGET_NAME)";
				STRING_CATALOG_GENERATE_SYMBOLS = NO;
				SWIFT_APPROACHABLE_CONCURRENCY = YES;
				SWIFT_EMIT_LOC_STRINGS = NO;
				SWIFT_UPCOMING_FEATURE_MEMBER_IMPORT_VISIBILITY = YES;
				SWIFT_VERSION = 5.0;
				TEST_HOST = "$(BUILT_PRODUCTS_DIR)/ArabicOntology.app/$(BUNDLE_EXECUTABLE_FOLDER_PATH)/ArabicOntology";
			};
			name = Release;
		};
		48F264E82F02F8390072D358 /* Debug */ = {
			isa = XCBuildConfiguration;
			buildSettings = {
				CODE_SIGN_STYLE = Automatic;
				CURRENT_PROJECT_VERSION = 1;
				DEVELOPMENT_TEAM = J5QAN9636K;
				GENERATE_INFOPLIST_FILE = YES;
				MARKETING_VERSION = 1.0;
				PRODUCT_BUNDLE_IDENTIFIER = com.peterjemley.ArabicOntologyUITests;
				PRODUCT_NAME = "$(TARGET_NAME)";
				STRING_CATALOG_GENERATE_SYMBOLS = NO;
				SWIFT_APPROACHABLE_CONCURRENCY = YES;
				SWIFT_EMIT_LOC_STRINGS = NO;
				SWIFT_UPCOMING_FEATURE_MEMBER_IMPORT_VISIBILITY = YES;
				SWIFT_VERSION = 5.0;
				TEST_TARGET_NAME = ArabicOntology;
			};
			name = Debug;
		};
		48F264E92F02F8390072D358 /* Release */ = {
			isa = XCBuildConfiguration;
			buildSettings = {
				CODE_SIGN_STYLE = Automatic;
				CURRENT_PROJECT_VERSION = 1;
				DEVELOPMENT_TEAM = J5QAN9636K;
				GENERATE_INFOPLIST_FILE = YES;
				MARKETING_VERSION = 1.0;
				PRODUCT_BUNDLE_IDENTIFIER = com.peterjemley.ArabicOntologyUITests;
				PRODUCT_NAME = "$(TARGET_NAME)";
				STRING_CATALOG_GENERATE_SYMBOLS = NO;
				SWIFT_APPROACHABLE_CONCURRENCY = YES;
				SWIFT_EMIT_LOC_STRINGS = NO;
				SWIFT_UPCOMING_FEATURE_MEMBER_IMPORT_VISIBILITY = YES;
				SWIFT_VERSION = 5.0;
				TEST_TARGET_NAME = ArabicOntology;
			};
			name = Release;
		};
/* End XCBuildConfiguration section */

/* Begin XCConfigurationList section */
		48F264BB2F02F8380072D358 /* Build configuration list for PBXProject "ArabicOntology" */ = {
			isa = XCConfigurationList;
			buildConfigurations = (
				48F264DF2F02F8390072D358 /* Debug */,
				48F264E02F02F8390072D358 /* Release */,
			);
			defaultConfigurationIsVisible = 0;
			defaultConfigurationName = Release;
		};
		48F264E12F02F8390072D358 /* Build configuration list for PBXNativeTarget "ArabicOntology" */ = {
			isa = XCConfigurationList;
			buildConfigurations = (
				48F264E22F02F8390072D358 /* Debug */,
				48F264E32F02F8390072D358 /* Release */,
			);
			defaultConfigurationIsVisible = 0;
			defaultConfigurationName = Release;
		};
		48F264E42F02F8390072D358 /* Build configuration list for PBXNativeTarget "ArabicOntologyTests" */ = {
			isa = XCConfigurationList;
			buildConfigurations = (
				48F264E52F02F8390072D358 /* Debug */,
				48F264E62F02F8390072D358 /* Release */,
			);
			defaultConfigurationIsVisible = 0;
			defaultConfigurationName = Release;
		};
		48F264E72F02F8390072D358 /* Build configuration list for PBXNativeTarget "ArabicOntologyUITests" */ = {
			isa = XCConfigurationList;
			buildConfigurations = (
				48F264E82F02F8390072D358 /* Debug */,
				48F264E92F02F8390072D358 /* Release */,
			);
			defaultConfigurationIsVisible = 0;
			defaultConfigurationName = Release;
		};
/* End XCConfigurationList section */
	};
	rootObject = 48F264B82F02F8380072D358 /* Project object */;
}
